
Microsoft Visual Studio Solution File, Format Version 12.00
# Visual Studio 15
VisualStudioVersion = 15.0.28010.2041
MinimumVisualStudioVersion = 10.0.40219.1
Project("{FAE04EC0-301F-11D3-BF4B-00C04F79EFBC}") = "LabsCG2", "LabsCG2\LabsCG2.csproj", "{425EB8F7-ECE0-4358-85C4-A511E592C363}"
EndProject
Global
	GlobalSection(SolutionConfigurationPlatforms) = preSolution
		Debug|Any CPU = Debug|Any CPU
		Release|Any CPU = Release|Any CPU
	EndGlobalSection
	GlobalSection(ProjectConfigurationPlatforms) = postSolution
		{425EB8F7-ECE0-4358-85C4-A511E592C363}.Debug|Any CPU.ActiveCfg = Debug|Any CPU
		{425EB8F7-ECE0-4358-85C4-A511E592C363}.Debug|Any CPU.Build.0 = Debug|Any CPU
		{425EB8F7-ECE0-4358-85C4-A511E592C363}.Release|Any CPU.ActiveCfg = Release|Any CPU
		{425EB8F7-ECE0-4358-85C4-A511E592C363}.Release|Any CPU.Build.0 = Release|Any CPU
	EndGlobalSection
	GlobalSection(SolutionProperties) = preSolution
		HideSolutionNode = FALSE
	EndGlobalSection
	GlobalSection(ExtensibilityGlobals) = postSolution
		SolutionGuid = {B1E9BA32-DD10-4F87-AFA1-A64EFC389381}
	EndGlobalSection
EndGlobal
