
Microsoft Visual Studio Solution File, Format Version 12.00
# Visual Studio 15
VisualStudioVersion = 15.0.28010.2016
MinimumVisualStudioVersion = 10.0.40219.1
Project("{FAE04EC0-301F-11D3-BF4B-00C04F79EFBC}") = "LabsCG", "LabsCG\LabsCG.csproj", "{30A95468-3B28-4D29-9815-F347B112AABC}"
EndProject
Global
	GlobalSection(SolutionConfigurationPlatforms) = preSolution
		Debug|Any CPU = Debug|Any CPU
		Release|Any CPU = Release|Any CPU
	EndGlobalSection
	GlobalSection(ProjectConfigurationPlatforms) = postSolution
		{30A95468-3B28-4D29-9815-F347B112AABC}.Debug|Any CPU.ActiveCfg = Debug|Any CPU
		{30A95468-3B28-4D29-9815-F347B112AABC}.Debug|Any CPU.Build.0 = Debug|Any CPU
		{30A95468-3B28-4D29-9815-F347B112AABC}.Release|Any CPU.ActiveCfg = Release|Any CPU
		{30A95468-3B28-4D29-9815-F347B112AABC}.Release|Any CPU.Build.0 = Release|Any CPU
	EndGlobalSection
	GlobalSection(SolutionProperties) = preSolution
		HideSolutionNode = FALSE
	EndGlobalSection
	GlobalSection(ExtensibilityGlobals) = postSolution
		SolutionGuid = {39ED8EDB-7F94-4154-84D9-39724B04091F}
	EndGlobalSection
EndGlobal
